
Microsoft Visual Studio Solution File, Format Version 12.00
# Visual Studio Version 17
VisualStudioVersion = 17.12.35527.113
MinimumVisualStudioVersion = 10.0.40219.1
Project("{FAE04EC0-301F-11D3-BF4B-00C04F79EFBC}") = "Assignment04_OOP", "Assignment04_OOP\Assignment04_OOP.csproj", "{E85485F1-2BB4-42F1-BEF5-BFE17D481D27}"
EndProject
Project("{FAE04EC0-301F-11D3-BF4B-00C04F79EFBC}") = "Session04_Demo", "Session04_Demo\Session04_Demo.csproj", "{CC41CCE1-D288-4F86-B4FB-BA20212A092E}"
EndProject
Global
	GlobalSection(SolutionConfigurationPlatforms) = preSolution
		Debug|Any CPU = Debug|Any CPU
		Release|Any CPU = Release|Any CPU
	EndGlobalSection
	GlobalSection(ProjectConfigurationPlatforms) = postSolution
		{E85485F1-2BB4-42F1-BEF5-BFE17D481D27}.Debug|Any CPU.ActiveCfg = Debug|Any CPU
		{E85485F1-2BB4-42F1-BEF5-BFE17D481D27}.Debug|Any CPU.Build.0 = Debug|Any CPU
		{E85485F1-2BB4-42F1-BEF5-BFE17D481D27}.Release|Any CPU.ActiveCfg = Release|Any CPU
		{E85485F1-2BB4-42F1-BEF5-BFE17D481D27}.Release|Any CPU.Build.0 = Release|Any CPU
		{CC41CCE1-D288-4F86-B4FB-BA20212A092E}.Debug|Any CPU.ActiveCfg = Debug|Any CPU
		{CC41CCE1-D288-4F86-B4FB-BA20212A092E}.Debug|Any CPU.Build.0 = Debug|Any CPU
		{CC41CCE1-D288-4F86-B4FB-BA20212A092E}.Release|Any CPU.ActiveCfg = Release|Any CPU
		{CC41CCE1-D288-4F86-B4FB-BA20212A092E}.Release|Any CPU.Build.0 = Release|Any CPU
	EndGlobalSection
	GlobalSection(SolutionProperties) = preSolution
		HideSolutionNode = FALSE
	EndGlobalSection
EndGlobal
